// !$*UTF8*$!
{
	archiveVersion = 1;
	classes = {
	};
	objectVersion = 46;
	objects = {

/* Begin PBXBuildFile section */
		4A0A0BDB1DF9954100A60B9E /* include-hierarchical in Headers */ = {isa = PBXBuildFile; fileRef = 4A0A0BD61DF98C6D00A60B9E /* include-hierarchical */; };
		4A0A0BE11DF9BFBB00A60B9E /* libijg8.a in Frameworks */ = {isa = PBXBuildFile; fileRef = 4A0A0BDE1DF9BFBB00A60B9E /* libijg8.a */; };
		4A0A0BE21DF9BFBB00A60B9E /* libijg12.a in Frameworks */ = {isa = PBXBuildFile; fileRef = 4A0A0BDF1DF9BFBB00A60B9E /* libijg12.a */; };
		4A0A0BE31DF9BFBB00A60B9E /* libijg16.a in Frameworks */ = {isa = PBXBuildFile; fileRef = 4A0A0BE01DF9BFBB00A60B9E /* libijg16.a */; };
		4A0A0C021DFB7B3700A60B9E /* libiconv.tbd in Frameworks */ = {isa = PBXBuildFile; fileRef = 4A0A0C011DFB7B3700A60B9E /* libiconv.tbd */; };
		4A0A0C031DFC456100A60B9E /* ddpiimpl.cc in Sources */ = {isa = PBXBuildFile; fileRef = 4A0A0BE51DFB406600A60B9E /* ddpiimpl.cc */; };
		4A0A0C041DFC456100A60B9E /* dipijpeg.cc in Sources */ = {isa = PBXBuildFile; fileRef = 4A0A0BE61DFB406600A60B9E /* dipijpeg.cc */; };
		4A0A0C051DFC456100A60B9E /* djcodecd.cc in Sources */ = {isa = PBXBuildFile; fileRef = 4A0A0BE71DFB406600A60B9E /* djcodecd.cc */; };
		4A0A0C061DFC456100A60B9E /* djcodece.cc in Sources */ = {isa = PBXBuildFile; fileRef = 4A0A0BE81DFB406600A60B9E /* djcodece.cc */; };
		4A0A0C071DFC456100A60B9E /* djcparam.cc in Sources */ = {isa = PBXBuildFile; fileRef = 4A0A0BE91DFB406600A60B9E /* djcparam.cc */; };
		4A0A0C081DFC456100A60B9E /* djdecbas.cc in Sources */ = {isa = PBXBuildFile; fileRef = 4A0A0BEA1DFB406600A60B9E /* djdecbas.cc */; };
		4A0A0C091DFC456100A60B9E /* djdecext.cc in Sources */ = {isa = PBXBuildFile; fileRef = 4A0A0BEB1DFB406600A60B9E /* djdecext.cc */; };
		4A0A0C0A1DFC456100A60B9E /* djdeclol.cc in Sources */ = {isa = PBXBuildFile; fileRef = 4A0A0BEC1DFB406600A60B9E /* djdeclol.cc */; };
		4A0A0C0B1DFC456100A60B9E /* djdecode.cc in Sources */ = {isa = PBXBuildFile; fileRef = 4A0A0BED1DFB406600A60B9E /* djdecode.cc */; };
		4A0A0C0C1DFC456100A60B9E /* djdecpro.cc in Sources */ = {isa = PBXBuildFile; fileRef = 4A0A0BEE1DFB406600A60B9E /* djdecpro.cc */; };
		4A0A0C0D1DFC456100A60B9E /* djdecsps.cc in Sources */ = {isa = PBXBuildFile; fileRef = 4A0A0BEF1DFB406600A60B9E /* djdecsps.cc */; };
		4A0A0C0E1DFC456100A60B9E /* djdecsv1.cc in Sources */ = {isa = PBXBuildFile; fileRef = 4A0A0BF01DFB406600A60B9E /* djdecsv1.cc */; };
		4A0A0C0F1DFC456100A60B9E /* djdijg12.cc in Sources */ = {isa = PBXBuildFile; fileRef = 4A0A0BF11DFB406600A60B9E /* djdijg12.cc */; };
		4A0A0C101DFC456100A60B9E /* djdijg16.cc in Sources */ = {isa = PBXBuildFile; fileRef = 4A0A0BF21DFB406600A60B9E /* djdijg16.cc */; };
		4A0A0C111DFC456100A60B9E /* djdijg8.cc in Sources */ = {isa = PBXBuildFile; fileRef = 4A0A0BF31DFB406600A60B9E /* djdijg8.cc */; };
		4A0A0C121DFC456100A60B9E /* djeijg12.cc in Sources */ = {isa = PBXBuildFile; fileRef = 4A0A0BF41DFB406600A60B9E /* djeijg12.cc */; };
		4A0A0C131DFC456100A60B9E /* djeijg16.cc in Sources */ = {isa = PBXBuildFile; fileRef = 4A0A0BF51DFB406600A60B9E /* djeijg16.cc */; };
		4A0A0C141DFC456100A60B9E /* djeijg8.cc in Sources */ = {isa = PBXBuildFile; fileRef = 4A0A0BF61DFB406600A60B9E /* djeijg8.cc */; };
		4A0A0C151DFC456100A60B9E /* djencbas.cc in Sources */ = {isa = PBXBuildFile; fileRef = 4A0A0BF71DFB406600A60B9E /* djencbas.cc */; };
		4A0A0C161DFC456100A60B9E /* djencext.cc in Sources */ = {isa = PBXBuildFile; fileRef = 4A0A0BF81DFB406600A60B9E /* djencext.cc */; };
		4A0A0C171DFC456100A60B9E /* djenclol.cc in Sources */ = {isa = PBXBuildFile; fileRef = 4A0A0BF91DFB406600A60B9E /* djenclol.cc */; };
		4A0A0C181DFC456100A60B9E /* djencode.cc in Sources */ = {isa = PBXBuildFile; fileRef = 4A0A0BFA1DFB406600A60B9E /* djencode.cc */; };
		4A0A0C191DFC456100A60B9E /* djencpro.cc in Sources */ = {isa = PBXBuildFile; fileRef = 4A0A0BFB1DFB406600A60B9E /* djencpro.cc */; };
		4A0A0C1A1DFC456100A60B9E /* djencsps.cc in Sources */ = {isa = PBXBuildFile; fileRef = 4A0A0BFC1DFB406600A60B9E /* djencsps.cc */; };
		4A0A0C1B1DFC456100A60B9E /* djencsv1.cc in Sources */ = {isa = PBXBuildFile; fileRef = 4A0A0BFD1DFB406600A60B9E /* djencsv1.cc */; };
		4A0A0C1C1DFC456100A60B9E /* djrplol.cc in Sources */ = {isa = PBXBuildFile; fileRef = 4A0A0BFE1DFB406600A60B9E /* djrplol.cc */; };
		4A0A0C1D1DFC456100A60B9E /* djrploss.cc in Sources */ = {isa = PBXBuildFile; fileRef = 4A0A0BFF1DFB406600A60B9E /* djrploss.cc */; };
		4A0A0C1E1DFC456100A60B9E /* djutils.cc in Sources */ = {isa = PBXBuildFile; fileRef = 4A0A0C001DFB406600A60B9E /* djutils.cc */; };
		4A0E1FF01CDA0192002BE0BB /* NSString+opendicom.mm in Sources */ = {isa = PBXBuildFile; fileRef = 4A04FF251CD924B900A8BB5D /* NSString+opendicom.mm */; };
		4A16858A1DE6584D007E10B2 /* libz.1.2.8.tbd in Frameworks */ = {isa = PBXBuildFile; fileRef = 4A1685891DE6584D007E10B2 /* libz.1.2.8.tbd */; };
		4A1686361DE75970007E10B2 /* djdecode.cc in Sources */ = {isa = PBXBuildFile; fileRef = BFBF3BEA09B6828100545F5E /* djdecode.cc */; };
		4A1686371DE75970007E10B2 /* djencode.cc in Sources */ = {isa = PBXBuildFile; fileRef = BFBF3C0509B6828100545F5E /* djencode.cc */; };
		4A1686381DE75970007E10B2 /* ddpiimpl.cc in Sources */ = {isa = PBXBuildFile; fileRef = BFBF3BD909B6828100545F5E /* ddpiimpl.cc */; };
		4A1686391DE75970007E10B2 /* dipijpeg.cc in Sources */ = {isa = PBXBuildFile; fileRef = BFBF3BDB09B6828100545F5E /* dipijpeg.cc */; };
		4A16863A1DE75970007E10B2 /* djcodecd.cc in Sources */ = {isa = PBXBuildFile; fileRef = BFBF3BDD09B6828100545F5E /* djcodecd.cc */; };
		4A16863B1DE75970007E10B2 /* djcodece.cc in Sources */ = {isa = PBXBuildFile; fileRef = BFBF3BDF09B6828100545F5E /* djcodece.cc */; };
		4A16863C1DE75970007E10B2 /* djcparam.cc in Sources */ = {isa = PBXBuildFile; fileRef = BFBF3BE109B6828100545F5E /* djcparam.cc */; };
		4A16863D1DE75970007E10B2 /* djdecbas.cc in Sources */ = {isa = PBXBuildFile; fileRef = BFBF3BE409B6828100545F5E /* djdecbas.cc */; };
		4A16863E1DE75970007E10B2 /* djdecext.cc in Sources */ = {isa = PBXBuildFile; fileRef = BFBF3BE609B6828100545F5E /* djdecext.cc */; };
		4A16863F1DE75970007E10B2 /* djdeclol.cc in Sources */ = {isa = PBXBuildFile; fileRef = BFBF3BE809B6828100545F5E /* djdeclol.cc */; };
		4A1686401DE75970007E10B2 /* djenclol.cc in Sources */ = {isa = PBXBuildFile; fileRef = BFBF3C0309B6828100545F5E /* djenclol.cc */; };
		4A1686411DE75970007E10B2 /* djencext.cc in Sources */ = {isa = PBXBuildFile; fileRef = BFBF3C0109B6828100545F5E /* djencext.cc */; };
		4A1686421DE75970007E10B2 /* djencbas.cc in Sources */ = {isa = PBXBuildFile; fileRef = BFBF3BFF09B6828100545F5E /* djencbas.cc */; };
		4A1686431DE75970007E10B2 /* djeijg8.cc in Sources */ = {isa = PBXBuildFile; fileRef = BFBF3BFC09B6828100545F5E /* djeijg8.cc */; };
		4A1686441DE75970007E10B2 /* djeijg16.cc in Sources */ = {isa = PBXBuildFile; fileRef = BFBF3BFA09B6828100545F5E /* djeijg16.cc */; };
		4A1686451DE75970007E10B2 /* djeijg12.cc in Sources */ = {isa = PBXBuildFile; fileRef = BFBF3BF809B6828100545F5E /* djeijg12.cc */; };
		4A1686461DE75970007E10B2 /* djdijg8.cc in Sources */ = {isa = PBXBuildFile; fileRef = BFBF3BF609B6828100545F5E /* djdijg8.cc */; };
		4A1686471DE75970007E10B2 /* djdijg16.cc in Sources */ = {isa = PBXBuildFile; fileRef = BFBF3BF409B6828100545F5E /* djdijg16.cc */; };
		4A1686481DE75970007E10B2 /* djdijg12.cc in Sources */ = {isa = PBXBuildFile; fileRef = BFBF3BF209B6828100545F5E /* djdijg12.cc */; };
		4A1686491DE75970007E10B2 /* djdecsv1.cc in Sources */ = {isa = PBXBuildFile; fileRef = BFBF3BF009B6828100545F5E /* djdecsv1.cc */; };
		4A16864A1DE75970007E10B2 /* djdecsps.cc in Sources */ = {isa = PBXBuildFile; fileRef = BFBF3BEE09B6828100545F5E /* djdecsps.cc */; };
		4A16864B1DE75970007E10B2 /* djdecpro.cc in Sources */ = {isa = PBXBuildFile; fileRef = BFBF3BEC09B6828100545F5E /* djdecpro.cc */; };
		4A16864C1DE75970007E10B2 /* djutils.cc in Sources */ = {isa = PBXBuildFile; fileRef = BFBF3C1109B6828200545F5E /* djutils.cc */; };
		4A16864D1DE75970007E10B2 /* djrploss.cc in Sources */ = {isa = PBXBuildFile; fileRef = BFBF3C0F09B6828200545F5E /* djrploss.cc */; };
		4A16864E1DE75970007E10B2 /* djrplol.cc in Sources */ = {isa = PBXBuildFile; fileRef = BFBF3C0D09B6828200545F5E /* djrplol.cc */; };
		4A16864F1DE75970007E10B2 /* djencsv1.cc in Sources */ = {isa = PBXBuildFile; fileRef = BFBF3C0B09B6828100545F5E /* djencsv1.cc */; };
		4A1686501DE75970007E10B2 /* djencsps.cc in Sources */ = {isa = PBXBuildFile; fileRef = BFBF3C0909B6828100545F5E /* djencsps.cc */; };
		4A1686511DE75970007E10B2 /* djencpro.cc in Sources */ = {isa = PBXBuildFile; fileRef = BFBF3C0709B6828100545F5E /* djencpro.cc */; };
		4A1686EE1DE75970007E10B2 /* jaricom.c in Sources */ = {isa = PBXBuildFile; fileRef = BFBF3C6209B6828300545F5E /* jaricom.c */; };
		4A1686FE1DE75970007E10B2 /* djdec2k.cc in Sources */ = {isa = PBXBuildFile; fileRef = CEFFFE251286895300D69BB8 /* djdec2k.cc */; };
		4A1687001DE75970007E10B2 /* djenc2k.cc in Sources */ = {isa = PBXBuildFile; fileRef = CEFF00FC1286F7A700D69BB8 /* djenc2k.cc */; };
		4A1687091DE75970007E10B2 /* NSString+opendicom.mm in Sources */ = {isa = PBXBuildFile; fileRef = 4A04FF251CD924B900A8BB5D /* NSString+opendicom.mm */; };
		4A16870B1DE75970007E10B2 /* libz.1.2.8.tbd in Frameworks */ = {isa = PBXBuildFile; fileRef = 4A1685891DE6584D007E10B2 /* libz.1.2.8.tbd */; };
		4A16870C1DE75970007E10B2 /* Foundation.framework in Frameworks */ = {isa = PBXBuildFile; fileRef = 29B97325FDCFA39411CA2CEA /* Foundation.framework */; };
		4A16870D1DE75970007E10B2 /* Accelerate.framework in Frameworks */ = {isa = PBXBuildFile; fileRef = AB5E1A300595697700C48BEB /* Accelerate.framework */; };
		4A1687131DE759DF007E10B2 /* libopenjp2.a in Frameworks */ = {isa = PBXBuildFile; fileRef = 4A1685931DE75871007E10B2 /* libopenjp2.a */; };
		4A1687151DE75A14007E10B2 /* OPJ.mm in Sources */ = {isa = PBXBuildFile; fileRef = 4A1687141DE75A14007E10B2 /* OPJ.mm */; };
		4A1687161DE75A40007E10B2 /* OPJSupport.h in Headers */ = {isa = PBXBuildFile; fileRef = 4A1685991DE7593D007E10B2 /* OPJSupport.h */; };
		4A1687171DE75A44007E10B2 /* format_defs.h in Headers */ = {isa = PBXBuildFile; fileRef = 4A1685941DE758F4007E10B2 /* format_defs.h */; };
		4A1687181DE75A48007E10B2 /* openjpeg.h in Headers */ = {isa = PBXBuildFile; fileRef = 4A1685951DE758F4007E10B2 /* openjpeg.h */; };
		4A16871A1DE75A51007E10B2 /* opj_stdint.h in Headers */ = {isa = PBXBuildFile; fileRef = 4A1685971DE758F4007E10B2 /* opj_stdint.h */; };
		4A16871B1DE75AAB007E10B2 /* OPJSupport.cpp in Sources */ = {isa = PBXBuildFile; fileRef = 4A1685981DE7593D007E10B2 /* OPJSupport.cpp */; };
		4A16871D1DE75EA4007E10B2 /* djdijp2k_opj.cc in Sources */ = {isa = PBXBuildFile; fileRef = 4A16871C1DE75EA4007E10B2 /* djdijp2k_opj.cc */; };
		4A1687211DE76200007E10B2 /* djeijg2k_opj.cc in Sources */ = {isa = PBXBuildFile; fileRef = 4A1687201DE76200007E10B2 /* djeijg2k_opj.cc */; };
		4A169D7B1DE8B2E4007E10B2 /* libkdu_v73R.a in Frameworks */ = {isa = PBXBuildFile; fileRef = 4A169D7A1DE8B2E4007E10B2 /* libkdu_v73R.a */; };
		4AE1486C1DF85BD3001B722F /* libdcmimgle.a in Frameworks */ = {isa = PBXBuildFile; fileRef = 4AE148651DF85BD3001B722F /* libdcmimgle.a */; };
		4AE1486D1DF85BD3001B722F /* libdcmimgle.a in Frameworks */ = {isa = PBXBuildFile; fileRef = 4AE148651DF85BD3001B722F /* libdcmimgle.a */; };
		4AE1486E1DF85BD3001B722F /* libdcmdata.a in Frameworks */ = {isa = PBXBuildFile; fileRef = 4AE148661DF85BD3001B722F /* libdcmdata.a */; };
		4AE1486F1DF85BD3001B722F /* libdcmdata.a in Frameworks */ = {isa = PBXBuildFile; fileRef = 4AE148661DF85BD3001B722F /* libdcmdata.a */; };
		4AE148701DF85BD3001B722F /* liboflog.a in Frameworks */ = {isa = PBXBuildFile; fileRef = 4AE148671DF85BD3001B722F /* liboflog.a */; };
		4AE148711DF85BD3001B722F /* liboflog.a in Frameworks */ = {isa = PBXBuildFile; fileRef = 4AE148671DF85BD3001B722F /* liboflog.a */; };
		4AE148781DF85BD4001B722F /* libofstd.a in Frameworks */ = {isa = PBXBuildFile; fileRef = 4AE1486B1DF85BD3001B722F /* libofstd.a */; };
		4AE148791DF85BD4001B722F /* libofstd.a in Frameworks */ = {isa = PBXBuildFile; fileRef = 4AE1486B1DF85BD3001B722F /* libofstd.a */; };
		4AE1487B1DF85C46001B722F /* libdcmimage.a in Frameworks */ = {isa = PBXBuildFile; fileRef = 4AE1487A1DF85C46001B722F /* libdcmimage.a */; };
		4AE1487C1DF85C46001B722F /* libdcmimage.a in Frameworks */ = {isa = PBXBuildFile; fileRef = 4AE1487A1DF85C46001B722F /* libdcmimage.a */; };
		4AEAD3C61CC6E475000FEA7F /* Foundation.framework in Frameworks */ = {isa = PBXBuildFile; fileRef = 29B97325FDCFA39411CA2CEA /* Foundation.framework */; };
		4AEAD5721CC6E5A7000FEA7F /* KDU.mm in Sources */ = {isa = PBXBuildFile; fileRef = 4AEAD5711CC6E5A7000FEA7F /* KDU.mm */; };
		4AEAD57D1CCC6398000FEA7F /* Accelerate.framework in Frameworks */ = {isa = PBXBuildFile; fileRef = AB5E1A300595697700C48BEB /* Accelerate.framework */; };
/* End PBXBuildFile section */

/* Begin PBXFileReference section */
		29B97325FDCFA39411CA2CEA /* Foundation.framework */ = {isa = PBXFileReference; lastKnownFileType = wrapper.framework; name = Foundation.framework; path = /System/Library/Frameworks/Foundation.framework; sourceTree = "<absolute>"; };
		4A04FF241CD924B900A8BB5D /* NSString+opendicom.h */ = {isa = PBXFileReference; fileEncoding = 4; lastKnownFileType = sourcecode.c.h; path = "NSString+opendicom.h"; sourceTree = "<group>"; };
		4A04FF251CD924B900A8BB5D /* NSString+opendicom.mm */ = {isa = PBXFileReference; fileEncoding = 4; lastKnownFileType = sourcecode.cpp.objcpp; path = "NSString+opendicom.mm"; sourceTree = "<group>"; };
		4A0A0BD61DF98C6D00A60B9E /* include-hierarchical */ = {isa = PBXFileReference; lastKnownFileType = folder; name = "include-hierarchical"; path = "../../Shared/dcmtk/include-hierarchical"; sourceTree = "<group>"; };
		4A0A0BDE1DF9BFBB00A60B9E /* libijg8.a */ = {isa = PBXFileReference; lastKnownFileType = archive.ar; name = libijg8.a; path = ../../Shared/dcmtk/dcmtkXCode/lib/Debug/libijg8.a; sourceTree = "<group>"; };
		4A0A0BDF1DF9BFBB00A60B9E /* libijg12.a */ = {isa = PBXFileReference; lastKnownFileType = archive.ar; name = libijg12.a; path = ../../Shared/dcmtk/dcmtkXCode/lib/Debug/libijg12.a; sourceTree = "<group>"; };
		4A0A0BE01DF9BFBB00A60B9E /* libijg16.a */ = {isa = PBXFileReference; lastKnownFileType = archive.ar; name = libijg16.a; path = ../../Shared/dcmtk/dcmtkXCode/lib/Debug/libijg16.a; sourceTree = "<group>"; };
		4A0A0BE51DFB406600A60B9E /* ddpiimpl.cc */ = {isa = PBXFileReference; lastKnownFileType = sourcecode.cpp.cpp; path = ddpiimpl.cc; sourceTree = "<group>"; };
		4A0A0BE61DFB406600A60B9E /* dipijpeg.cc */ = {isa = PBXFileReference; lastKnownFileType = sourcecode.cpp.cpp; path = dipijpeg.cc; sourceTree = "<group>"; };
		4A0A0BE71DFB406600A60B9E /* djcodecd.cc */ = {isa = PBXFileReference; lastKnownFileType = sourcecode.cpp.cpp; path = djcodecd.cc; sourceTree = "<group>"; };
		4A0A0BE81DFB406600A60B9E /* djcodece.cc */ = {isa = PBXFileReference; lastKnownFileType = sourcecode.cpp.cpp; path = djcodece.cc; sourceTree = "<group>"; };
		4A0A0BE91DFB406600A60B9E /* djcparam.cc */ = {isa = PBXFileReference; lastKnownFileType = sourcecode.cpp.cpp; path = djcparam.cc; sourceTree = "<group>"; };
		4A0A0BEA1DFB406600A60B9E /* djdecbas.cc */ = {isa = PBXFileReference; lastKnownFileType = sourcecode.cpp.cpp; path = djdecbas.cc; sourceTree = "<group>"; };
		4A0A0BEB1DFB406600A60B9E /* djdecext.cc */ = {isa = PBXFileReference; lastKnownFileType = sourcecode.cpp.cpp; path = djdecext.cc; sourceTree = "<group>"; };
		4A0A0BEC1DFB406600A60B9E /* djdeclol.cc */ = {isa = PBXFileReference; lastKnownFileType = sourcecode.cpp.cpp; path = djdeclol.cc; sourceTree = "<group>"; };
		4A0A0BED1DFB406600A60B9E /* djdecode.cc */ = {isa = PBXFileReference; lastKnownFileType = sourcecode.cpp.cpp; path = djdecode.cc; sourceTree = "<group>"; };
		4A0A0BEE1DFB406600A60B9E /* djdecpro.cc */ = {isa = PBXFileReference; lastKnownFileType = sourcecode.cpp.cpp; path = djdecpro.cc; sourceTree = "<group>"; };
		4A0A0BEF1DFB406600A60B9E /* djdecsps.cc */ = {isa = PBXFileReference; lastKnownFileType = sourcecode.cpp.cpp; path = djdecsps.cc; sourceTree = "<group>"; };
		4A0A0BF01DFB406600A60B9E /* djdecsv1.cc */ = {isa = PBXFileReference; lastKnownFileType = sourcecode.cpp.cpp; path = djdecsv1.cc; sourceTree = "<group>"; };
		4A0A0BF11DFB406600A60B9E /* djdijg12.cc */ = {isa = PBXFileReference; lastKnownFileType = sourcecode.cpp.cpp; path = djdijg12.cc; sourceTree = "<group>"; };
		4A0A0BF21DFB406600A60B9E /* djdijg16.cc */ = {isa = PBXFileReference; lastKnownFileType = sourcecode.cpp.cpp; path = djdijg16.cc; sourceTree = "<group>"; };
		4A0A0BF31DFB406600A60B9E /* djdijg8.cc */ = {isa = PBXFileReference; lastKnownFileType = sourcecode.cpp.cpp; path = djdijg8.cc; sourceTree = "<group>"; };
		4A0A0BF41DFB406600A60B9E /* djeijg12.cc */ = {isa = PBXFileReference; lastKnownFileType = sourcecode.cpp.cpp; path = djeijg12.cc; sourceTree = "<group>"; };
		4A0A0BF51DFB406600A60B9E /* djeijg16.cc */ = {isa = PBXFileReference; lastKnownFileType = sourcecode.cpp.cpp; path = djeijg16.cc; sourceTree = "<group>"; };
		4A0A0BF61DFB406600A60B9E /* djeijg8.cc */ = {isa = PBXFileReference; lastKnownFileType = sourcecode.cpp.cpp; path = djeijg8.cc; sourceTree = "<group>"; };
		4A0A0BF71DFB406600A60B9E /* djencbas.cc */ = {isa = PBXFileReference; lastKnownFileType = sourcecode.cpp.cpp; path = djencbas.cc; sourceTree = "<group>"; };
		4A0A0BF81DFB406600A60B9E /* djencext.cc */ = {isa = PBXFileReference; lastKnownFileType = sourcecode.cpp.cpp; path = djencext.cc; sourceTree = "<group>"; };
		4A0A0BF91DFB406600A60B9E /* djenclol.cc */ = {isa = PBXFileReference; lastKnownFileType = sourcecode.cpp.cpp; path = djenclol.cc; sourceTree = "<group>"; };
		4A0A0BFA1DFB406600A60B9E /* djencode.cc */ = {isa = PBXFileReference; lastKnownFileType = sourcecode.cpp.cpp; path = djencode.cc; sourceTree = "<group>"; };
		4A0A0BFB1DFB406600A60B9E /* djencpro.cc */ = {isa = PBXFileReference; lastKnownFileType = sourcecode.cpp.cpp; path = djencpro.cc; sourceTree = "<group>"; };
		4A0A0BFC1DFB406600A60B9E /* djencsps.cc */ = {isa = PBXFileReference; lastKnownFileType = sourcecode.cpp.cpp; path = djencsps.cc; sourceTree = "<group>"; };
		4A0A0BFD1DFB406600A60B9E /* djencsv1.cc */ = {isa = PBXFileReference; lastKnownFileType = sourcecode.cpp.cpp; path = djencsv1.cc; sourceTree = "<group>"; };
		4A0A0BFE1DFB406600A60B9E /* djrplol.cc */ = {isa = PBXFileReference; lastKnownFileType = sourcecode.cpp.cpp; path = djrplol.cc; sourceTree = "<group>"; };
		4A0A0BFF1DFB406600A60B9E /* djrploss.cc */ = {isa = PBXFileReference; lastKnownFileType = sourcecode.cpp.cpp; path = djrploss.cc; sourceTree = "<group>"; };
		4A0A0C001DFB406600A60B9E /* djutils.cc */ = {isa = PBXFileReference; lastKnownFileType = sourcecode.cpp.cpp; path = djutils.cc; sourceTree = "<group>"; };
		4A0A0C011DFB7B3700A60B9E /* libiconv.tbd */ = {isa = PBXFileReference; lastKnownFileType = "sourcecode.text-based-dylib-definition"; name = libiconv.tbd; path = usr/lib/libiconv.tbd; sourceTree = SDKROOT; };
		4A1685891DE6584D007E10B2 /* libz.1.2.8.tbd */ = {isa = PBXFileReference; lastKnownFileType = "sourcecode.text-based-dylib-definition"; name = libz.1.2.8.tbd; path = usr/lib/libz.1.2.8.tbd; sourceTree = SDKROOT; };
		4A1685931DE75871007E10B2 /* libopenjp2.a */ = {isa = PBXFileReference; lastKnownFileType = archive.ar; path = libopenjp2.a; sourceTree = "<group>"; };
		4A1685941DE758F4007E10B2 /* format_defs.h */ = {isa = PBXFileReference; lastKnownFileType = sourcecode.c.h; path = format_defs.h; sourceTree = "<group>"; };
		4A1685951DE758F4007E10B2 /* openjpeg.h */ = {isa = PBXFileReference; lastKnownFileType = sourcecode.c.h; path = openjpeg.h; sourceTree = "<group>"; };
		4A1685971DE758F4007E10B2 /* opj_stdint.h */ = {isa = PBXFileReference; lastKnownFileType = sourcecode.c.h; path = opj_stdint.h; sourceTree = "<group>"; };
		4A1685981DE7593D007E10B2 /* OPJSupport.cpp */ = {isa = PBXFileReference; lastKnownFileType = sourcecode.cpp.cpp; path = OPJSupport.cpp; sourceTree = "<group>"; };
		4A1685991DE7593D007E10B2 /* OPJSupport.h */ = {isa = PBXFileReference; lastKnownFileType = sourcecode.c.h; path = OPJSupport.h; sourceTree = "<group>"; };
		4A1687121DE75970007E10B2 /* OPJ */ = {isa = PBXFileReference; explicitFileType = "compiled.mach-o.executable"; includeInIndex = 0; path = OPJ; sourceTree = BUILT_PRODUCTS_DIR; };
		4A1687141DE75A14007E10B2 /* OPJ.mm */ = {isa = PBXFileReference; fileEncoding = 4; lastKnownFileType = sourcecode.cpp.objcpp; path = OPJ.mm; sourceTree = "<group>"; };
		4A16871C1DE75EA4007E10B2 /* djdijp2k_opj.cc */ = {isa = PBXFileReference; fileEncoding = 4; lastKnownFileType = sourcecode.cpp.cpp; name = djdijp2k_opj.cc; path = "Binaries/dcmtk-source/dcmjpeg/djdijp2k_opj.cc"; sourceTree = "<group>"; };
		4A1687201DE76200007E10B2 /* djeijg2k_opj.cc */ = {isa = PBXFileReference; fileEncoding = 4; lastKnownFileType = sourcecode.cpp.cpp; name = djeijg2k_opj.cc; path = "Binaries/dcmtk-source/dcmjpeg/djeijg2k_opj.cc"; sourceTree = "<group>"; };
		4A169D771DE7B8DC007E10B2 /* README.md */ = {isa = PBXFileReference; lastKnownFileType = net.daringfireball.markdown; path = README.md; sourceTree = "<group>"; };
		4A169D7A1DE8B2E4007E10B2 /* libkdu_v73R.a */ = {isa = PBXFileReference; lastKnownFileType = archive.ar; path = libkdu_v73R.a; sourceTree = "<group>"; };
		4A9059EC1CEF908600A9CA2F /* ODvr.h */ = {isa = PBXFileReference; fileEncoding = 4; lastKnownFileType = sourcecode.c.h; path = ODvr.h; sourceTree = "<group>"; };
		4AC642D81CE57FF500A25E46 /* ODMetaInfo.h */ = {isa = PBXFileReference; fileEncoding = 4; lastKnownFileType = sourcecode.c.h; path = ODMetaInfo.h; sourceTree = "<group>"; };
		4AC642D91CE57FF500A25E46 /* ODMetaInfo.mm */ = {isa = PBXFileReference; fileEncoding = 4; lastKnownFileType = sourcecode.cpp.objcpp; path = ODMetaInfo.mm; sourceTree = "<group>"; };
		4AC642DD1CE6275F00A25E46 /* ODSequence.h */ = {isa = PBXFileReference; fileEncoding = 4; lastKnownFileType = sourcecode.c.h; path = ODSequence.h; sourceTree = "<group>"; };
		4AC642DE1CE6275F00A25E46 /* ODSequence.mm */ = {isa = PBXFileReference; fileEncoding = 4; lastKnownFileType = sourcecode.cpp.objcpp; path = ODSequence.mm; sourceTree = "<group>"; };
		4AC642E11CE6AAF000A25E46 /* ODElement.h */ = {isa = PBXFileReference; fileEncoding = 4; lastKnownFileType = sourcecode.c.h; path = ODElement.h; sourceTree = "<group>"; };
		4AC642E21CE6AAF000A25E46 /* ODElement.mm */ = {isa = PBXFileReference; fileEncoding = 4; lastKnownFileType = sourcecode.cpp.objcpp; path = ODElement.mm; sourceTree = "<group>"; };
		4AC642E71CE9775900A25E46 /* ODItem.h */ = {isa = PBXFileReference; fileEncoding = 4; lastKnownFileType = sourcecode.c.h; path = ODItem.h; sourceTree = "<group>"; };
		4AC642E81CE9775900A25E46 /* ODItem.mm */ = {isa = PBXFileReference; fileEncoding = 4; lastKnownFileType = sourcecode.cpp.objcpp; path = ODItem.mm; sourceTree = "<group>"; };
		4AE148651DF85BD3001B722F /* libdcmimgle.a */ = {isa = PBXFileReference; lastKnownFileType = archive.ar; name = libdcmimgle.a; path = ../../Shared/dcmtk/dcmtkXCode/lib/Debug/libdcmimgle.a; sourceTree = "<group>"; };
		4AE148661DF85BD3001B722F /* libdcmdata.a */ = {isa = PBXFileReference; lastKnownFileType = archive.ar; name = libdcmdata.a; path = ../../Shared/dcmtk/dcmtkXCode/lib/Debug/libdcmdata.a; sourceTree = "<group>"; };
		4AE148671DF85BD3001B722F /* liboflog.a */ = {isa = PBXFileReference; lastKnownFileType = archive.ar; name = liboflog.a; path = ../../Shared/dcmtk/dcmtkXCode/lib/Debug/liboflog.a; sourceTree = "<group>"; };
		4AE1486B1DF85BD3001B722F /* libofstd.a */ = {isa = PBXFileReference; lastKnownFileType = archive.ar; name = libofstd.a; path = ../../Shared/dcmtk/dcmtkXCode/lib/Debug/libofstd.a; sourceTree = "<group>"; };
		4AE1487A1DF85C46001B722F /* libdcmimage.a */ = {isa = PBXFileReference; lastKnownFileType = archive.ar; name = libdcmimage.a; path = ../../Shared/dcmtk/dcmtkXCode/lib/Debug/libdcmimage.a; sourceTree = "<group>"; };
		4AEAD3DA1CC6E475000FEA7F /* KDU */ = {isa = PBXFileReference; explicitFileType = "compiled.mach-o.executable"; includeInIndex = 0; path = KDU; sourceTree = BUILT_PRODUCTS_DIR; };
		4AEAD5711CC6E5A7000FEA7F /* KDU.mm */ = {isa = PBXFileReference; fileEncoding = 4; lastKnownFileType = sourcecode.cpp.objcpp; path = KDU.mm; sourceTree = "<group>"; };
		4AF940611CE5720100551476 /* ODDataset.h */ = {isa = PBXFileReference; fileEncoding = 4; lastKnownFileType = sourcecode.c.h; path = ODDataset.h; sourceTree = "<group>"; };
		4AF940621CE5720100551476 /* ODDataset.mm */ = {isa = PBXFileReference; fileEncoding = 4; lastKnownFileType = sourcecode.cpp.objcpp; path = ODDataset.mm; sourceTree = "<group>"; };
		4AF940651CE5720100551476 /* ODFile.h */ = {isa = PBXFileReference; fileEncoding = 4; lastKnownFileType = sourcecode.c.h; path = ODFile.h; sourceTree = "<group>"; };
		4AF940661CE5720100551476 /* ODFile.mm */ = {isa = PBXFileReference; fileEncoding = 4; lastKnownFileType = sourcecode.cpp.objcpp; path = ODFile.mm; sourceTree = "<group>"; };
		AB5E1A300595697700C48BEB /* Accelerate.framework */ = {isa = PBXFileReference; lastKnownFileType = wrapper.framework; name = Accelerate.framework; path = /System/Library/Frameworks/Accelerate.framework; sourceTree = "<absolute>"; };
		BFBF3BD909B6828100545F5E /* ddpiimpl.cc */ = {isa = PBXFileReference; fileEncoding = 30; lastKnownFileType = sourcecode.cpp.cpp; path = ddpiimpl.cc; sourceTree = "<group>"; };
		BFBF3BDB09B6828100545F5E /* dipijpeg.cc */ = {isa = PBXFileReference; fileEncoding = 30; lastKnownFileType = sourcecode.cpp.cpp; path = dipijpeg.cc; sourceTree = "<group>"; };
		BFBF3BDD09B6828100545F5E /* djcodecd.cc */ = {isa = PBXFileReference; fileEncoding = 30; lastKnownFileType = sourcecode.cpp.cpp; path = djcodecd.cc; sourceTree = "<group>"; };
		BFBF3BDF09B6828100545F5E /* djcodece.cc */ = {isa = PBXFileReference; fileEncoding = 30; lastKnownFileType = sourcecode.cpp.cpp; name = djcodece.cc; path = "Binaries/dcmtk-source/dcmjpeg/djcodece.cc"; sourceTree = "<group>"; };
		BFBF3BE109B6828100545F5E /* djcparam.cc */ = {isa = PBXFileReference; fileEncoding = 30; lastKnownFileType = sourcecode.cpp.cpp; path = djcparam.cc; sourceTree = "<group>"; };
		BFBF3BE409B6828100545F5E /* djdecbas.cc */ = {isa = PBXFileReference; fileEncoding = 30; lastKnownFileType = sourcecode.cpp.cpp; path = djdecbas.cc; sourceTree = "<group>"; };
		BFBF3BE609B6828100545F5E /* djdecext.cc */ = {isa = PBXFileReference; fileEncoding = 30; lastKnownFileType = sourcecode.cpp.cpp; path = djdecext.cc; sourceTree = "<group>"; };
		BFBF3BE809B6828100545F5E /* djdeclol.cc */ = {isa = PBXFileReference; fileEncoding = 30; lastKnownFileType = sourcecode.cpp.cpp; path = djdeclol.cc; sourceTree = "<group>"; };
		BFBF3BEA09B6828100545F5E /* djdecode.cc */ = {isa = PBXFileReference; fileEncoding = 30; lastKnownFileType = sourcecode.cpp.cpp; path = djdecode.cc; sourceTree = "<group>"; };
		BFBF3BEC09B6828100545F5E /* djdecpro.cc */ = {isa = PBXFileReference; fileEncoding = 30; lastKnownFileType = sourcecode.cpp.cpp; path = djdecpro.cc; sourceTree = "<group>"; };
		BFBF3BEE09B6828100545F5E /* djdecsps.cc */ = {isa = PBXFileReference; fileEncoding = 30; lastKnownFileType = sourcecode.cpp.cpp; path = djdecsps.cc; sourceTree = "<group>"; };
		BFBF3BF009B6828100545F5E /* djdecsv1.cc */ = {isa = PBXFileReference; fileEncoding = 30; lastKnownFileType = sourcecode.cpp.cpp; path = djdecsv1.cc; sourceTree = "<group>"; };
		BFBF3BF209B6828100545F5E /* djdijg12.cc */ = {isa = PBXFileReference; fileEncoding = 30; lastKnownFileType = sourcecode.cpp.cpp; path = djdijg12.cc; sourceTree = "<group>"; };
		BFBF3BF409B6828100545F5E /* djdijg16.cc */ = {isa = PBXFileReference; fileEncoding = 30; lastKnownFileType = sourcecode.cpp.cpp; path = djdijg16.cc; sourceTree = "<group>"; };
		BFBF3BF609B6828100545F5E /* djdijg8.cc */ = {isa = PBXFileReference; fileEncoding = 30; lastKnownFileType = sourcecode.cpp.cpp; path = djdijg8.cc; sourceTree = "<group>"; };
		BFBF3BF809B6828100545F5E /* djeijg12.cc */ = {isa = PBXFileReference; fileEncoding = 30; lastKnownFileType = sourcecode.cpp.cpp; path = djeijg12.cc; sourceTree = "<group>"; };
		BFBF3BFA09B6828100545F5E /* djeijg16.cc */ = {isa = PBXFileReference; fileEncoding = 30; lastKnownFileType = sourcecode.cpp.cpp; path = djeijg16.cc; sourceTree = "<group>"; };
		BFBF3BFC09B6828100545F5E /* djeijg8.cc */ = {isa = PBXFileReference; fileEncoding = 30; lastKnownFileType = sourcecode.cpp.cpp; path = djeijg8.cc; sourceTree = "<group>"; };
		BFBF3BFF09B6828100545F5E /* djencbas.cc */ = {isa = PBXFileReference; fileEncoding = 30; lastKnownFileType = sourcecode.cpp.cpp; path = djencbas.cc; sourceTree = "<group>"; };
		BFBF3C0109B6828100545F5E /* djencext.cc */ = {isa = PBXFileReference; fileEncoding = 30; lastKnownFileType = sourcecode.cpp.cpp; path = djencext.cc; sourceTree = "<group>"; };
		BFBF3C0309B6828100545F5E /* djenclol.cc */ = {isa = PBXFileReference; fileEncoding = 30; lastKnownFileType = sourcecode.cpp.cpp; path = djenclol.cc; sourceTree = "<group>"; };
		BFBF3C0509B6828100545F5E /* djencode.cc */ = {isa = PBXFileReference; fileEncoding = 30; lastKnownFileType = sourcecode.cpp.cpp; path = djencode.cc; sourceTree = "<group>"; };
		BFBF3C0709B6828100545F5E /* djencpro.cc */ = {isa = PBXFileReference; fileEncoding = 30; lastKnownFileType = sourcecode.cpp.cpp; path = djencpro.cc; sourceTree = "<group>"; };
		BFBF3C0909B6828100545F5E /* djencsps.cc */ = {isa = PBXFileReference; fileEncoding = 30; lastKnownFileType = sourcecode.cpp.cpp; path = djencsps.cc; sourceTree = "<group>"; };
		BFBF3C0B09B6828100545F5E /* djencsv1.cc */ = {isa = PBXFileReference; fileEncoding = 30; lastKnownFileType = sourcecode.cpp.cpp; path = djencsv1.cc; sourceTree = "<group>"; };
		BFBF3C0D09B6828200545F5E /* djrplol.cc */ = {isa = PBXFileReference; fileEncoding = 30; lastKnownFileType = sourcecode.cpp.cpp; path = djrplol.cc; sourceTree = "<group>"; };
		BFBF3C0F09B6828200545F5E /* djrploss.cc */ = {isa = PBXFileReference; fileEncoding = 30; lastKnownFileType = sourcecode.cpp.cpp; path = djrploss.cc; sourceTree = "<group>"; };
		BFBF3C1109B6828200545F5E /* djutils.cc */ = {isa = PBXFileReference; fileEncoding = 30; lastKnownFileType = sourcecode.cpp.cpp; path = djutils.cc; sourceTree = "<group>"; };
		BFBF3C6209B6828300545F5E /* jaricom.c */ = {isa = PBXFileReference; fileEncoding = 30; lastKnownFileType = sourcecode.c.c; name = jaricom.c; path = libijg16/jaricom.c; sourceTree = "<group>"; };
		CEFF00FC1286F7A700D69BB8 /* djenc2k.cc */ = {isa = PBXFileReference; fileEncoding = 4; lastKnownFileType = sourcecode.cpp.cpp; path = djenc2k.cc; sourceTree = "<group>"; };
		CEFF00FD1286F7A700D69BB8 /* djenc2k.h */ = {isa = PBXFileReference; fileEncoding = 4; lastKnownFileType = sourcecode.c.h; path = djenc2k.h; sourceTree = "<group>"; };
		CEFF01431286FB2000D69BB8 /* djeijg2k.h */ = {isa = PBXFileReference; fileEncoding = 4; lastKnownFileType = sourcecode.c.h; path = djeijg2k.h; sourceTree = "<group>"; };
		CEFF01441286FB2000D69BB8 /* djeijg2k_kdu.cc */ = {isa = PBXFileReference; fileEncoding = 4; lastKnownFileType = sourcecode.cpp.cpp; name = djeijg2k_kdu.cc; path = "Binaries/dcmtk-source/dcmjpeg/djeijg2k_kdu.cc"; sourceTree = "<group>"; };
		CEFFFE241286895300D69BB8 /* djdec2k.h */ = {isa = PBXFileReference; fileEncoding = 4; lastKnownFileType = sourcecode.c.h; path = djdec2k.h; sourceTree = "<group>"; };
		CEFFFE251286895300D69BB8 /* djdec2k.cc */ = {isa = PBXFileReference; fileEncoding = 4; lastKnownFileType = sourcecode.cpp.cpp; path = djdec2k.cc; sourceTree = "<group>"; };
		CEFFFE3912868F5400D69BB8 /* djdijp2k.h */ = {isa = PBXFileReference; fileEncoding = 4; lastKnownFileType = sourcecode.c.h; path = djdijp2k.h; sourceTree = "<group>"; };
		CEFFFE3A12868F5400D69BB8 /* djdijp2k_kdu.cc */ = {isa = PBXFileReference; fileEncoding = 4; lastKnownFileType = sourcecode.cpp.cpp; name = djdijp2k_kdu.cc; path = "Binaries/dcmtk-source/dcmjpeg/djdijp2k_kdu.cc"; sourceTree = "<group>"; };
/* End PBXFileReference section */

/* Begin PBXFrameworksBuildPhase section */
		4A16870A1DE75970007E10B2 /* Frameworks */ = {
			isa = PBXFrameworksBuildPhase;
			buildActionMask = 2147483647;
			files = (
				4AE1486F1DF85BD3001B722F /* libdcmdata.a in Frameworks */,
				4AE1486D1DF85BD3001B722F /* libdcmimgle.a in Frameworks */,
				4A16870B1DE75970007E10B2 /* libz.1.2.8.tbd in Frameworks */,
				4A16870C1DE75970007E10B2 /* Foundation.framework in Frameworks */,
				4AE1487C1DF85C46001B722F /* libdcmimage.a in Frameworks */,
				4A16870D1DE75970007E10B2 /* Accelerate.framework in Frameworks */,
				4AE148711DF85BD3001B722F /* liboflog.a in Frameworks */,
				4AE148791DF85BD4001B722F /* libofstd.a in Frameworks */,
				4A1687131DE759DF007E10B2 /* libopenjp2.a in Frameworks */,
			);
			runOnlyForDeploymentPostprocessing = 0;
		};
		4AEAD3C41CC6E475000FEA7F /* Frameworks */ = {
			isa = PBXFrameworksBuildPhase;
			buildActionMask = 2147483647;
			files = (
				4A0A0C021DFB7B3700A60B9E /* libiconv.tbd in Frameworks */,
				4AE1486E1DF85BD3001B722F /* libdcmdata.a in Frameworks */,
				4A0A0BE31DF9BFBB00A60B9E /* libijg16.a in Frameworks */,
				4AE1486C1DF85BD3001B722F /* libdcmimgle.a in Frameworks */,
				4A169D7B1DE8B2E4007E10B2 /* libkdu_v73R.a in Frameworks */,
				4A0A0BE11DF9BFBB00A60B9E /* libijg8.a in Frameworks */,
				4A16858A1DE6584D007E10B2 /* libz.1.2.8.tbd in Frameworks */,
				4AE1487B1DF85C46001B722F /* libdcmimage.a in Frameworks */,
				4AEAD3C61CC6E475000FEA7F /* Foundation.framework in Frameworks */,
				4AE148701DF85BD3001B722F /* liboflog.a in Frameworks */,
				4AE148781DF85BD4001B722F /* libofstd.a in Frameworks */,
				4AEAD57D1CCC6398000FEA7F /* Accelerate.framework in Frameworks */,
				4A0A0BE21DF9BFBB00A60B9E /* libijg12.a in Frameworks */,
			);
			runOnlyForDeploymentPostprocessing = 0;
		};
/* End PBXFrameworksBuildPhase section */

/* Begin PBXGroup section */
		19C28FACFE9D520D11CA2CBB /* Products */ = {
			isa = PBXGroup;
			children = (
				4AEAD3DA1CC6E475000FEA7F /* KDU */,
				4A1687121DE75970007E10B2 /* OPJ */,
			);
			name = Products;
			sourceTree = "<group>";
		};
		29B97314FDCFA39411CA2CEA /* OsiriX */ = {
			isa = PBXGroup;
			children = (
				4A0A0BD61DF98C6D00A60B9E /* include-hierarchical */,
				4A169D771DE7B8DC007E10B2 /* README.md */,
				84A9D44712F7F8BE00DA1F99 /* KDU32 */,
				4A1685921DE71C8F007E10B2 /* OPJ64 */,
				BFBF3BDF09B6828100545F5E /* djcodece.cc */,
				4AF940601CE5720100551476 /* OD */,
				AB724F1C0ADE6CFC00A212A0 /* categories */,
				4AE148671DF85BD3001B722F /* liboflog.a */,
				4A0A0BDE1DF9BFBB00A60B9E /* libijg8.a */,
				4A0A0BDF1DF9BFBB00A60B9E /* libijg12.a */,
				4A0A0BE01DF9BFBB00A60B9E /* libijg16.a */,
				4AE1486B1DF85BD3001B722F /* libofstd.a */,
				4AE148661DF85BD3001B722F /* libdcmdata.a */,
				4AE1487A1DF85C46001B722F /* libdcmimage.a */,
				4AE148651DF85BD3001B722F /* libdcmimgle.a */,
				4A0A0BE41DFB406600A60B9E /* dcmjpeg */,
				BFBF3BD809B6828100545F5E /* dcmjpegOsiriX */,
				29B97323FDCFA39411CA2CEA /* Frameworks */,
				19C28FACFE9D520D11CA2CBB /* Products */,
			);
			name = OsiriX;
			sourceTree = "<group>";
		};
		29B97323FDCFA39411CA2CEA /* Frameworks */ = {
			isa = PBXGroup;
			children = (
				4A0A0C011DFB7B3700A60B9E /* libiconv.tbd */,
				29B97325FDCFA39411CA2CEA /* Foundation.framework */,
				AB5E1A300595697700C48BEB /* Accelerate.framework */,
				4A1685891DE6584D007E10B2 /* libz.1.2.8.tbd */,
			);
			name = Frameworks;
			sourceTree = "<group>";
		};
		4A0A0BE41DFB406600A60B9E /* dcmjpeg */ = {
			isa = PBXGroup;
			children = (
				4A0A0BE51DFB406600A60B9E /* ddpiimpl.cc */,
				4A0A0BE61DFB406600A60B9E /* dipijpeg.cc */,
				4A0A0BE71DFB406600A60B9E /* djcodecd.cc */,
				4A0A0BE81DFB406600A60B9E /* djcodece.cc */,
				4A0A0BE91DFB406600A60B9E /* djcparam.cc */,
				4A0A0BEA1DFB406600A60B9E /* djdecbas.cc */,
				4A0A0BEB1DFB406600A60B9E /* djdecext.cc */,
				4A0A0BEC1DFB406600A60B9E /* djdeclol.cc */,
				4A0A0BED1DFB406600A60B9E /* djdecode.cc */,
				4A0A0BEE1DFB406600A60B9E /* djdecpro.cc */,
				4A0A0BEF1DFB406600A60B9E /* djdecsps.cc */,
				4A0A0BF01DFB406600A60B9E /* djdecsv1.cc */,
				4A0A0BF11DFB406600A60B9E /* djdijg12.cc */,
				4A0A0BF21DFB406600A60B9E /* djdijg16.cc */,
				4A0A0BF31DFB406600A60B9E /* djdijg8.cc */,
				4A0A0BF41DFB406600A60B9E /* djeijg12.cc */,
				4A0A0BF51DFB406600A60B9E /* djeijg16.cc */,
				4A0A0BF61DFB406600A60B9E /* djeijg8.cc */,
				4A0A0BF71DFB406600A60B9E /* djencbas.cc */,
				4A0A0BF81DFB406600A60B9E /* djencext.cc */,
				4A0A0BF91DFB406600A60B9E /* djenclol.cc */,
				4A0A0BFA1DFB406600A60B9E /* djencode.cc */,
				4A0A0BFB1DFB406600A60B9E /* djencpro.cc */,
				4A0A0BFC1DFB406600A60B9E /* djencsps.cc */,
				4A0A0BFD1DFB406600A60B9E /* djencsv1.cc */,
				4A0A0BFE1DFB406600A60B9E /* djrplol.cc */,
				4A0A0BFF1DFB406600A60B9E /* djrploss.cc */,
				4A0A0C001DFB406600A60B9E /* djutils.cc */,
			);
			path = dcmjpeg;
			sourceTree = "<group>";
		};
		4A1685921DE71C8F007E10B2 /* OPJ64 */ = {
			isa = PBXGroup;
			children = (
				4A1687141DE75A14007E10B2 /* OPJ.mm */,
				4A1685981DE7593D007E10B2 /* OPJSupport.cpp */,
				4A1685991DE7593D007E10B2 /* OPJSupport.h */,
				4A1685941DE758F4007E10B2 /* format_defs.h */,
				4A1685951DE758F4007E10B2 /* openjpeg.h */,
				4A1685971DE758F4007E10B2 /* opj_stdint.h */,
				4A1685931DE75871007E10B2 /* libopenjp2.a */,
				4A16871C1DE75EA4007E10B2 /* djdijp2k_opj.cc */,
				4A1687201DE76200007E10B2 /* djeijg2k_opj.cc */,
			);
			name = OPJ64;
			sourceTree = "<group>";
		};
		4AF940601CE5720100551476 /* OD */ = {
			isa = PBXGroup;
			children = (
				4AC642E71CE9775900A25E46 /* ODItem.h */,
				4AC642E81CE9775900A25E46 /* ODItem.mm */,
				4AF940611CE5720100551476 /* ODDataset.h */,
				4AF940621CE5720100551476 /* ODDataset.mm */,
				4AC642D81CE57FF500A25E46 /* ODMetaInfo.h */,
				4AC642D91CE57FF500A25E46 /* ODMetaInfo.mm */,
				4AC642DD1CE6275F00A25E46 /* ODSequence.h */,
				4AC642DE1CE6275F00A25E46 /* ODSequence.mm */,
				4AC642E11CE6AAF000A25E46 /* ODElement.h */,
				4AC642E21CE6AAF000A25E46 /* ODElement.mm */,
				4AF940651CE5720100551476 /* ODFile.h */,
				4AF940661CE5720100551476 /* ODFile.mm */,
				4A9059EC1CEF908600A9CA2F /* ODvr.h */,
			);
			path = OD;
			sourceTree = "<group>";
		};
		84A9D44712F7F8BE00DA1F99 /* KDU32 */ = {
			isa = PBXGroup;
			children = (
				4A169D7A1DE8B2E4007E10B2 /* libkdu_v73R.a */,
				4AEAD5711CC6E5A7000FEA7F /* KDU.mm */,
				CEFFFE3A12868F5400D69BB8 /* djdijp2k_kdu.cc */,
				CEFF01441286FB2000D69BB8 /* djeijg2k_kdu.cc */,
			);
			name = KDU32;
			sourceTree = "<group>";
		};
		AB724F1C0ADE6CFC00A212A0 /* categories */ = {
			isa = PBXGroup;
			children = (
				4A04FF241CD924B900A8BB5D /* NSString+opendicom.h */,
				4A04FF251CD924B900A8BB5D /* NSString+opendicom.mm */,
			);
			name = categories;
			sourceTree = "<group>";
		};
		BFBF3BD809B6828100545F5E /* dcmjpegOsiriX */ = {
			isa = PBXGroup;
			children = (
				BFBF3C6209B6828300545F5E /* jaricom.c */,
				BFBF3BD909B6828100545F5E /* ddpiimpl.cc */,
				BFBF3BDB09B6828100545F5E /* dipijpeg.cc */,
				CEFFFE241286895300D69BB8 /* djdec2k.h */,
				CEFFFE251286895300D69BB8 /* djdec2k.cc */,
				CEFFFE3912868F5400D69BB8 /* djdijp2k.h */,
				BFBF3BDD09B6828100545F5E /* djcodecd.cc */,
				BFBF3BE109B6828100545F5E /* djcparam.cc */,
				BFBF3BE409B6828100545F5E /* djdecbas.cc */,
				BFBF3BE609B6828100545F5E /* djdecext.cc */,
				BFBF3BE809B6828100545F5E /* djdeclol.cc */,
				BFBF3BEA09B6828100545F5E /* djdecode.cc */,
				BFBF3BEC09B6828100545F5E /* djdecpro.cc */,
				BFBF3BEE09B6828100545F5E /* djdecsps.cc */,
				BFBF3BF009B6828100545F5E /* djdecsv1.cc */,
				BFBF3BF209B6828100545F5E /* djdijg12.cc */,
				BFBF3BF409B6828100545F5E /* djdijg16.cc */,
				BFBF3BF609B6828100545F5E /* djdijg8.cc */,
				BFBF3BF809B6828100545F5E /* djeijg12.cc */,
				BFBF3BFA09B6828100545F5E /* djeijg16.cc */,
				BFBF3BFC09B6828100545F5E /* djeijg8.cc */,
				BFBF3BFF09B6828100545F5E /* djencbas.cc */,
				BFBF3C0109B6828100545F5E /* djencext.cc */,
				BFBF3C0309B6828100545F5E /* djenclol.cc */,
				CEFF00FC1286F7A700D69BB8 /* djenc2k.cc */,
				CEFF00FD1286F7A700D69BB8 /* djenc2k.h */,
				CEFF01431286FB2000D69BB8 /* djeijg2k.h */,
				BFBF3C0509B6828100545F5E /* djencode.cc */,
				BFBF3C0709B6828100545F5E /* djencpro.cc */,
				BFBF3C0909B6828100545F5E /* djencsps.cc */,
				BFBF3C0B09B6828100545F5E /* djencsv1.cc */,
				BFBF3C0D09B6828200545F5E /* djrplol.cc */,
				BFBF3C0F09B6828200545F5E /* djrploss.cc */,
				BFBF3C1109B6828200545F5E /* djutils.cc */,
			);
			name = dcmjpegOsiriX;
			path = "Binaries/dcmtk-source/dcmjpeg";
			sourceTree = "<group>";
		};
/* End PBXGroup section */

/* Begin PBXHeadersBuildPhase section */
		4A16858B1DE65C68007E10B2 /* Headers */ = {
			isa = PBXHeadersBuildPhase;
			buildActionMask = 2147483647;
			files = (
				4A0A0BDB1DF9954100A60B9E /* include-hierarchical in Headers */,
			);
			runOnlyForDeploymentPostprocessing = 0;
		};
		4A16859B1DE75970007E10B2 /* Headers */ = {
			isa = PBXHeadersBuildPhase;
			buildActionMask = 2147483647;
			files = (
				4A1687161DE75A40007E10B2 /* OPJSupport.h in Headers */,
				4A1687171DE75A44007E10B2 /* format_defs.h in Headers */,
				4A1687181DE75A48007E10B2 /* openjpeg.h in Headers */,
				4A16871A1DE75A51007E10B2 /* opj_stdint.h in Headers */,
			);
			runOnlyForDeploymentPostprocessing = 0;
		};
/* End PBXHeadersBuildPhase section */

/* Begin PBXNativeTarget section */
		4A16859A1DE75970007E10B2 /* OPJ */ = {
			isa = PBXNativeTarget;
			buildConfigurationList = 4A1687101DE75970007E10B2 /* Build configuration list for PBXNativeTarget "OPJ" */;
			buildPhases = (
				4A16859B1DE75970007E10B2 /* Headers */,
				4A16859E1DE75970007E10B2 /* Sources */,
				4A16870A1DE75970007E10B2 /* Frameworks */,
			);
			buildRules = (
			);
			dependencies = (
			);
			name = OPJ;
			productName = SafeDBRebuild;
			productReference = 4A1687121DE75970007E10B2 /* OPJ */;
			productType = "com.apple.product-type.tool";
		};
		4AEAD2471CC6E475000FEA7F /* KDU */ = {
			isa = PBXNativeTarget;
			buildConfigurationList = 4AEAD3D81CC6E475000FEA7F /* Build configuration list for PBXNativeTarget "KDU" */;
			buildPhases = (
				4A16858B1DE65C68007E10B2 /* Headers */,
				4AEAD2481CC6E475000FEA7F /* Sources */,
				4AEAD3C41CC6E475000FEA7F /* Frameworks */,
			);
			buildRules = (
			);
			dependencies = (
			);
			name = KDU;
			productName = SafeDBRebuild;
			productReference = 4AEAD3DA1CC6E475000FEA7F /* KDU */;
			productType = "com.apple.product-type.tool";
		};
/* End PBXNativeTarget section */

/* Begin PBXProject section */
		29B97313FDCFA39411CA2CEA /* Project object */ = {
			isa = PBXProject;
			attributes = {
				BuildIndependentTargetsInParallel = NO;
				LastTestingUpgradeCheck = 0720;
				LastUpgradeCheck = 0810;
				ORGANIZATIONNAME = "OsiriX Team";
			};
			buildConfigurationList = 7E76BED8085757B70073649A /* Build configuration list for PBXProject "J2KR" */;
			compatibilityVersion = "Xcode 3.2";
			developmentRegion = English;
			hasScannedForEncodings = 1;
			knownRegions = (
				English,
				Japanese,
				French,
				German,
				zh_CN,
				Dutch,
				fi,
				Italian,
				ko,
				no,
				Spanish,
				zh_TW,
			);
			mainGroup = 29B97314FDCFA39411CA2CEA /* OsiriX */;
			projectDirPath = "";
			projectRoot = "";
			targets = (
				4AEAD2471CC6E475000FEA7F /* KDU */,
				4A16859A1DE75970007E10B2 /* OPJ */,
			);
		};
/* End PBXProject section */

/* Begin PBXSourcesBuildPhase section */
		4A16859E1DE75970007E10B2 /* Sources */ = {
			isa = PBXSourcesBuildPhase;
			buildActionMask = 2147483647;
			files = (
				4A16871B1DE75AAB007E10B2 /* OPJSupport.cpp in Sources */,
				4A1687151DE75A14007E10B2 /* OPJ.mm in Sources */,
				4A1686361DE75970007E10B2 /* djdecode.cc in Sources */,
				4A1686371DE75970007E10B2 /* djencode.cc in Sources */,
				4A1686381DE75970007E10B2 /* ddpiimpl.cc in Sources */,
				4A1686391DE75970007E10B2 /* dipijpeg.cc in Sources */,
				4A16863A1DE75970007E10B2 /* djcodecd.cc in Sources */,
				4A16863B1DE75970007E10B2 /* djcodece.cc in Sources */,
				4A16863C1DE75970007E10B2 /* djcparam.cc in Sources */,
				4A16863D1DE75970007E10B2 /* djdecbas.cc in Sources */,
				4A16863E1DE75970007E10B2 /* djdecext.cc in Sources */,
				4A16863F1DE75970007E10B2 /* djdeclol.cc in Sources */,
				4A1686401DE75970007E10B2 /* djenclol.cc in Sources */,
				4A1686411DE75970007E10B2 /* djencext.cc in Sources */,
				4A1686421DE75970007E10B2 /* djencbas.cc in Sources */,
				4A1686431DE75970007E10B2 /* djeijg8.cc in Sources */,
				4A1686441DE75970007E10B2 /* djeijg16.cc in Sources */,
				4A1686451DE75970007E10B2 /* djeijg12.cc in Sources */,
				4A1686461DE75970007E10B2 /* djdijg8.cc in Sources */,
				4A1686471DE75970007E10B2 /* djdijg16.cc in Sources */,
				4A1686481DE75970007E10B2 /* djdijg12.cc in Sources */,
				4A1686491DE75970007E10B2 /* djdecsv1.cc in Sources */,
				4A16864A1DE75970007E10B2 /* djdecsps.cc in Sources */,
				4A16864B1DE75970007E10B2 /* djdecpro.cc in Sources */,
				4A16864C1DE75970007E10B2 /* djutils.cc in Sources */,
				4A16864D1DE75970007E10B2 /* djrploss.cc in Sources */,
				4A16864E1DE75970007E10B2 /* djrplol.cc in Sources */,
				4A16864F1DE75970007E10B2 /* djencsv1.cc in Sources */,
				4A1686501DE75970007E10B2 /* djencsps.cc in Sources */,
				4A1686511DE75970007E10B2 /* djencpro.cc in Sources */,
				4A1687211DE76200007E10B2 /* djeijg2k_opj.cc in Sources */,
				4A1686EE1DE75970007E10B2 /* jaricom.c in Sources */,
				4A16871D1DE75EA4007E10B2 /* djdijp2k_opj.cc in Sources */,
				4A1686FE1DE75970007E10B2 /* djdec2k.cc in Sources */,
				4A1687001DE75970007E10B2 /* djenc2k.cc in Sources */,
				4A1687091DE75970007E10B2 /* NSString+opendicom.mm in Sources */,
			);
			runOnlyForDeploymentPostprocessing = 0;
		};
		4AEAD2481CC6E475000FEA7F /* Sources */ = {
			isa = PBXSourcesBuildPhase;
			buildActionMask = 2147483647;
			files = (
				4A0A0C031DFC456100A60B9E /* ddpiimpl.cc in Sources */,
				4A0A0C041DFC456100A60B9E /* dipijpeg.cc in Sources */,
				4A0A0C051DFC456100A60B9E /* djcodecd.cc in Sources */,
				4A0A0C061DFC456100A60B9E /* djcodece.cc in Sources */,
				4A0A0C071DFC456100A60B9E /* djcparam.cc in Sources */,
				4A0A0C081DFC456100A60B9E /* djdecbas.cc in Sources */,
				4A0A0C091DFC456100A60B9E /* djdecext.cc in Sources */,
				4A0A0C0A1DFC456100A60B9E /* djdeclol.cc in Sources */,
				4A0A0C0B1DFC456100A60B9E /* djdecode.cc in Sources */,
				4A0A0C0C1DFC456100A60B9E /* djdecpro.cc in Sources */,
				4A0A0C0D1DFC456100A60B9E /* djdecsps.cc in Sources */,
				4A0A0C0E1DFC456100A60B9E /* djdecsv1.cc in Sources */,
				4A0A0C0F1DFC456100A60B9E /* djdijg12.cc in Sources */,
				4A0A0C101DFC456100A60B9E /* djdijg16.cc in Sources */,
				4A0A0C111DFC456100A60B9E /* djdijg8.cc in Sources */,
				4A0A0C121DFC456100A60B9E /* djeijg12.cc in Sources */,
				4A0A0C131DFC456100A60B9E /* djeijg16.cc in Sources */,
				4A0A0C141DFC456100A60B9E /* djeijg8.cc in Sources */,
				4A0A0C151DFC456100A60B9E /* djencbas.cc in Sources */,
				4A0A0C161DFC456100A60B9E /* djencext.cc in Sources */,
				4A0A0C171DFC456100A60B9E /* djenclol.cc in Sources */,
				4A0A0C181DFC456100A60B9E /* djencode.cc in Sources */,
				4A0A0C191DFC456100A60B9E /* djencpro.cc in Sources */,
				4A0A0C1A1DFC456100A60B9E /* djencsps.cc in Sources */,
				4A0A0C1B1DFC456100A60B9E /* djencsv1.cc in Sources */,
				4A0A0C1C1DFC456100A60B9E /* djrplol.cc in Sources */,
				4A0A0C1D1DFC456100A60B9E /* djrploss.cc in Sources */,
				4A0A0C1E1DFC456100A60B9E /* djutils.cc in Sources */,
				4AEAD5721CC6E5A7000FEA7F /* KDU.mm in Sources */,
				4A0E1FF01CDA0192002BE0BB /* NSString+opendicom.mm in Sources */,
			);
			runOnlyForDeploymentPostprocessing = 0;
		};
/* End PBXSourcesBuildPhase section */

/* Begin XCBuildConfiguration section */
		4A1687111DE75970007E10B2 /* Development */ = {
			isa = XCBuildConfiguration;
			buildSettings = {
				ARCHS = "$(ARCHS_STANDARD_64_BIT)";
				CLANG_CXX_LIBRARY = "libstdc++";
				CODE_SIGN_RESOURCE_RULES_PATH = "";
				CONFIGURATION_BUILD_DIR = "$(BUILD_DIR)/$(CONFIGURATION)";
				COPY_PHASE_STRIP = YES;
				DEPLOYMENT_LOCATION = NO;
				FRAMEWORK_SEARCH_PATHS = (
					"$(FRAMEWORK_SEARCH_PATHS)",
					"$(SRCROOT)",
				);
				GCC_C_LANGUAGE_STANDARD = "compiler-default";
				GCC_GENERATE_DEBUGGING_SYMBOLS = NO;
				GCC_INLINES_ARE_PRIVATE_EXTERN = NO;
				GCC_OPTIMIZATION_LEVEL = 3;
				GCC_PREFIX_HEADER = "";
				GCC_VERSION = com.apple.compilers.llvm.clang.1_0;
				LIBRARY_SEARCH_PATHS = (
					"$(inherited)",
					"$(PROJECT_DIR)/**",
				);
				OTHER_LDFLAGS = (
					"-framework",
					Foundation,
				);
				PRODUCT_NAME = "$(TARGET_NAME)";
				SDKROOT = macosx;
				SKIP_INSTALL = YES;
				STRIP_INSTALLED_PRODUCT = YES;
				SYMROOT = build;
			};
			name = Development;
		};
		4AEAD3D91CC6E475000FEA7F /* Development */ = {
			isa = XCBuildConfiguration;
			buildSettings = {
				ARCHS = "$(ARCHS_STANDARD_32_BIT)";
				CLANG_CXX_LIBRARY = "libc++";
				CODE_SIGN_RESOURCE_RULES_PATH = "";
				CONFIGURATION_BUILD_DIR = "$(BUILD_DIR)/$(CONFIGURATION)";
				COPY_PHASE_STRIP = YES;
				DEPLOYMENT_LOCATION = NO;
				FRAMEWORK_SEARCH_PATHS = "$(SRCROOT)/**";
				GCC_C_LANGUAGE_STANDARD = "compiler-default";
				GCC_GENERATE_DEBUGGING_SYMBOLS = NO;
				GCC_INLINES_ARE_PRIVATE_EXTERN = NO;
				GCC_OPTIMIZATION_LEVEL = 3;
				GCC_PREFIX_HEADER = "";
				GCC_VERSION = com.apple.compilers.llvm.clang.1_0;
				HEADER_SEARCH_PATHS = (
					"$(SRCROOT)/**",
					"/Users/Shared/dcmtk/include-hierarchical/**",
					"/Users/Shared/dcmtk/include-flat/**",
				);
				LIBRARY_SEARCH_PATHS = (
					"$(inherited)",
					"$(PROJECT_DIR)/**",
					"$(PROJECT_DIR)",
				);
				MACOSX_DEPLOYMENT_TARGET = 10.11;
				OTHER_LDFLAGS = (
					"-framework",
					Foundation,
				);
				PRODUCT_NAME = "$(TARGET_NAME)";
				SDKROOT = macosx;
				SKIP_INSTALL = YES;
				STRIP_INSTALLED_PRODUCT = YES;
				SYMROOT = build;
			};
			name = Development;
		};
		7E76BED9085757B70073649A /* Development */ = {
			isa = XCBuildConfiguration;
			buildSettings = {
				ARCHS = "$(ARCHS_STANDARD_32_BIT)";
				CLANG_WARN_BOOL_CONVERSION = YES;
				CLANG_WARN_CONSTANT_CONVERSION = YES;
				CLANG_WARN_EMPTY_BODY = YES;
				CLANG_WARN_ENUM_CONVERSION = YES;
				CLANG_WARN_INFINITE_RECURSION = YES;
				CLANG_WARN_INT_CONVERSION = YES;
				CLANG_WARN_SUSPICIOUS_MOVE = YES;
				CLANG_WARN_UNREACHABLE_CODE = YES;
				CLANG_WARN__DUPLICATE_METHOD_MATCH = YES;
				CODE_SIGN_IDENTITY = "";
				CODE_SIGN_RESOURCE_RULES_PATH = Rules.plist;
				DEBUG_INFORMATION_FORMAT = "dwarf-with-dsym";
				ENABLE_STRICT_OBJC_MSGSEND = YES;
				GCC_C_LANGUAGE_STANDARD = gnu99;
				GCC_DYNAMIC_NO_PIC = NO;
				GCC_ENABLE_OBJC_EXCEPTIONS = YES;
				GCC_FAST_OBJC_DISPATCH = YES;
				GCC_GENERATE_DEBUGGING_SYMBOLS = NO;
				GCC_NO_COMMON_BLOCKS = YES;
				GCC_OPTIMIZATION_LEVEL = 3;
				GCC_VERSION = com.apple.compilers.llvm.clang.1_0;
				GCC_WARN_64_TO_32_BIT_CONVERSION = YES;
				GCC_WARN_ABOUT_DEPRECATED_FUNCTIONS = YES;
				GCC_WARN_ABOUT_MISSING_FIELD_INITIALIZERS = YES;
				GCC_WARN_ABOUT_RETURN_TYPE = YES;
				GCC_WARN_INITIALIZER_NOT_FULLY_BRACKETED = YES;
				GCC_WARN_UNDECLARED_SELECTOR = YES;
				GCC_WARN_UNINITIALIZED_AUTOS = YES;
				GCC_WARN_UNUSED_FUNCTION = YES;
				GCC_WARN_UNUSED_VARIABLE = YES;
				HEADER_SEARCH_PATHS = (
					"/Users/Shared/dcmtk/include-hierarchical/**",
					"/Users/Shared/dcmtk/include-flat/**",
				);
				IBC_FLATTEN_NIBS = NO;
				LIBRARY_SEARCH_PATHS = /Users/Shared/dcmtk/dcmtkXCode/lib/Debug;
				MACOSX_DEPLOYMENT_TARGET = 10.11;
				ONLY_ACTIVE_ARCH = YES;
				OTHER_CFLAGS = "-fvisibility=default";
				OTHER_CODE_SIGN_FLAGS = "";
				SDKROOT = macosx;
			};
			name = Development;
		};
/* End XCBuildConfiguration section */

/* Begin XCConfigurationList section */
		4A1687101DE75970007E10B2 /* Build configuration list for PBXNativeTarget "OPJ" */ = {
			isa = XCConfigurationList;
			buildConfigurations = (
				4A1687111DE75970007E10B2 /* Development */,
			);
			defaultConfigurationIsVisible = 0;
			defaultConfigurationName = Development;
		};
		4AEAD3D81CC6E475000FEA7F /* Build configuration list for PBXNativeTarget "KDU" */ = {
			isa = XCConfigurationList;
			buildConfigurations = (
				4AEAD3D91CC6E475000FEA7F /* Development */,
			);
			defaultConfigurationIsVisible = 0;
			defaultConfigurationName = Development;
		};
		7E76BED8085757B70073649A /* Build configuration list for PBXProject "J2KR" */ = {
			isa = XCConfigurationList;
			buildConfigurations = (
				7E76BED9085757B70073649A /* Development */,
			);
			defaultConfigurationIsVisible = 0;
			defaultConfigurationName = Development;
		};
/* End XCConfigurationList section */
	};
	rootObject = 29B97313FDCFA39411CA2CEA /* Project object */;
}
